
Microsoft Visual Studio Solution File, Format Version 12.00
# Visual Studio Version 16
VisualStudioVersion = 16.0.29613.14
MinimumVisualStudioVersion = 10.0.40219.1
Project("{9A19103F-16F7-4668-BE54-9A1E7A4F7556}") = "FlynowPaylaterWebApp", "FlynowPaylaterWebApp\FlynowPaylaterWebApp.csproj", "{D00E41E0-A346-4489-B3B7-AC262C643305}"
EndProject
Global
	GlobalSection(SolutionConfigurationPlatforms) = preSolution
		Debug|Any CPU = Debug|Any CPU
		Release|Any CPU = Release|Any CPU
	EndGlobalSection
	GlobalSection(ProjectConfigurationPlatforms) = postSolution
		{D00E41E0-A346-4489-B3B7-AC262C643305}.Debug|Any CPU.ActiveCfg = Debug|Any CPU
		{D00E41E0-A346-4489-B3B7-AC262C643305}.Debug|Any CPU.Build.0 = Debug|Any CPU
		{D00E41E0-A346-4489-B3B7-AC262C643305}.Release|Any CPU.ActiveCfg = Release|Any CPU
		{D00E41E0-A346-4489-B3B7-AC262C643305}.Release|Any CPU.Build.0 = Release|Any CPU
	EndGlobalSection
	GlobalSection(SolutionProperties) = preSolution
		HideSolutionNode = FALSE
	EndGlobalSection
	GlobalSection(ExtensibilityGlobals) = postSolution
		SolutionGuid = {4821A2E5-9BEB-4E40-BFD4-0AE4302224FF}
	EndGlobalSection
	
EndGlobal
